
Microsoft Visual Studio Solution File, Format Version 12.00
# Visual Studio Version 17
VisualStudioVersion = 17.11.35219.272
MinimumVisualStudioVersion = 10.0.40219.1
Project("{FAE04EC0-301F-11D3-BF4B-00C04F79EFBC}") = "GameStore", "GameStore\GameStore.csproj", "{68C011B3-D3E0-41C6-930C-D8205A639ADF}"
EndProject
Project("{FAE04EC0-301F-11D3-BF4B-00C04F79EFBC}") = "GameStore.API", "GameStore.API\GameStore.API.csproj", "{5777280D-49E7-4EA3-8110-F03F189A32C5}"
EndProject
Project("{FAE04EC0-301F-11D3-BF4B-00C04F79EFBC}") = "GameStore.Domain", "GameStore.Domain\GameStore.Domain.csproj", "{35163A88-F6E9-4007-94A0-289ABFFF56D5}"
EndProject
Project("{FAE04EC0-301F-11D3-BF4B-00C04F79EFBC}") = "GameStore.Application", "GameStore.Application\GameStore.Application.csproj", "{41B7EC64-7EA5-439F-B88C-5D7D1FD33C37}"
EndProject
Project("{FAE04EC0-301F-11D3-BF4B-00C04F79EFBC}") = "GameStore.Infrastructure", "GameStore.Infrastructure\GameStore.Infrastructure.csproj", "{77AFE7D1-7340-48D9-A053-5A50937EF33B}"
EndProject
Global
	GlobalSection(SolutionConfigurationPlatforms) = preSolution
		Debug|Any CPU = Debug|Any CPU
		Release|Any CPU = Release|Any CPU
	EndGlobalSection
	GlobalSection(ProjectConfigurationPlatforms) = postSolution
		{68C011B3-D3E0-41C6-930C-D8205A639ADF}.Debug|Any CPU.ActiveCfg = Debug|Any CPU
		{68C011B3-D3E0-41C6-930C-D8205A639ADF}.Debug|Any CPU.Build.0 = Debug|Any CPU
		{68C011B3-D3E0-41C6-930C-D8205A639ADF}.Release|Any CPU.ActiveCfg = Release|Any CPU
		{68C011B3-D3E0-41C6-930C-D8205A639ADF}.Release|Any CPU.Build.0 = Release|Any CPU
		{5777280D-49E7-4EA3-8110-F03F189A32C5}.Debug|Any CPU.ActiveCfg = Debug|Any CPU
		{5777280D-49E7-4EA3-8110-F03F189A32C5}.Debug|Any CPU.Build.0 = Debug|Any CPU
		{5777280D-49E7-4EA3-8110-F03F189A32C5}.Release|Any CPU.ActiveCfg = Release|Any CPU
		{5777280D-49E7-4EA3-8110-F03F189A32C5}.Release|Any CPU.Build.0 = Release|Any CPU
		{35163A88-F6E9-4007-94A0-289ABFFF56D5}.Debug|Any CPU.ActiveCfg = Debug|Any CPU
		{35163A88-F6E9-4007-94A0-289ABFFF56D5}.Debug|Any CPU.Build.0 = Debug|Any CPU
		{35163A88-F6E9-4007-94A0-289ABFFF56D5}.Release|Any CPU.ActiveCfg = Release|Any CPU
		{35163A88-F6E9-4007-94A0-289ABFFF56D5}.Release|Any CPU.Build.0 = Release|Any CPU
		{41B7EC64-7EA5-439F-B88C-5D7D1FD33C37}.Debug|Any CPU.ActiveCfg = Debug|Any CPU
		{41B7EC64-7EA5-439F-B88C-5D7D1FD33C37}.Debug|Any CPU.Build.0 = Debug|Any CPU
		{41B7EC64-7EA5-439F-B88C-5D7D1FD33C37}.Release|Any CPU.ActiveCfg = Release|Any CPU
		{41B7EC64-7EA5-439F-B88C-5D7D1FD33C37}.Release|Any CPU.Build.0 = Release|Any CPU
		{77AFE7D1-7340-48D9-A053-5A50937EF33B}.Debug|Any CPU.ActiveCfg = Debug|Any CPU
		{77AFE7D1-7340-48D9-A053-5A50937EF33B}.Debug|Any CPU.Build.0 = Debug|Any CPU
		{77AFE7D1-7340-48D9-A053-5A50937EF33B}.Release|Any CPU.ActiveCfg = Release|Any CPU
		{77AFE7D1-7340-48D9-A053-5A50937EF33B}.Release|Any CPU.Build.0 = Release|Any CPU
	EndGlobalSection
	GlobalSection(SolutionProperties) = preSolution
		HideSolutionNode = FALSE
	EndGlobalSection
	GlobalSection(ExtensibilityGlobals) = postSolution
		SolutionGuid = {0A85D584-8E81-4876-B3DE-B5823D45AEA7}
	EndGlobalSection
EndGlobal
